PODS:
  - Alamofire (4.6.0)
  - AlamofireObjectMapper (5.0.0):
    - Alamofire (~> 4.1)
    - ObjectMapper (~> 3.0)
  - Kingfisher (4.6.3)
  - ObjectMapper (3.1.0)
  - RTRootNavigationController (0.6.6):
    - RTRootNavigationController/Core (= 0.6.6)
  - RTRootNavigationController/Core (0.6.6)
  - SVProgressHUD (2.2.5)

DEPENDENCIES:
  - AlamofireObjectMapper (~> 5.0)
  - Kingfisher
  - RTRootNavigationController
  - SVProgressHUD

SPEC CHECKSUMS:
  Alamofire: f41a599bd63041760b26d393ec1069d9d7b917f4
  AlamofireObjectMapper: 5fafc816351cbbc0d486611aaeba7461c0cbad49
  Kingfisher: 98e6d5b5e807645743e8ed5ececd25d688d38452
  ObjectMapper: 20505058f54e5c3ca69e1d6de9897d152a5369a6
  RTRootNavigationController: 1429554f853e8319a383849befed73d5dc58a108
  SVProgressHUD: 1428aafac632c1f86f62aa4243ec12008d7a51d6

PODFILE CHECKSUM: ba23b440d40a989a76af9cfd930dcbb301ebeed5

COCOAPODS: 1.4.0
