PODS:
  - Alamofire (4.6.0)
  - AlamofireObjectMapper (5.0.0):
    - Alamofire (~> 4.1)
    - ObjectMapper (~> 3.0)
  - AMap3DMap (5.7.0):
    - AMapFoundation (~> 1.4)
  - AMapFoundation (1.4.3)
  - AMapLocation (2.6.0):
    - AMapFoundation (~> 1.4)
  - CRRefresh (1.0.6)
  - HandyJSON (4.0.0-beta.1)
  - IQKeyboardManagerSwift (5.0.7)
  - Kingfisher (4.6.3)
  - ObjectMapper (3.1.0)
  - RTRootNavigationController (0.6.6):
    - RTRootNavigationController/Core (= 0.6.6)
  - RTRootNavigationController/Core (0.6.6)
  - SVProgressHUD (2.2.5)
  - UMCCommon (1.4.2)
  - UMCPush (3.1.0):
    - UMCCommon
  - UMCSecurityPlugins (1.0.6)

DEPENDENCIES:
  - AlamofireObjectMapper (~> 5.0)
  - AMap3DMap
  - AMapLocation
  - CRRefresh
  - HandyJSON (~> 4.0.0-beta.1)
  - IQKeyboardManagerSwift
  - Kingfisher
  - RTRootNavigationController
  - SVProgressHUD
  - UMCCommon
  - UMCPush
  - UMCSecurityPlugins

SPEC CHECKSUMS:
  Alamofire: f41a599bd63041760b26d393ec1069d9d7b917f4
  AlamofireObjectMapper: 5fafc816351cbbc0d486611aaeba7461c0cbad49
  AMap3DMap: 97afc57b88628237d916991ac31795eb7bde3f63
  AMapFoundation: 973682cfe60b92efd73a8ef8f1144fa0fa8e1296
  AMapLocation: 55116a2c8956eab7550cbb56e989aa5cdcc424e3
  CRRefresh: fa89bab742592500ce9f76301c152544ec5264e8
  HandyJSON: 428bb18e2c34c2a77361accebf90cf64e4f74118
  IQKeyboardManagerSwift: 30fb3a61de1af53a95e02b80fb54ed0a19d5ede5
  Kingfisher: 98e6d5b5e807645743e8ed5ececd25d688d38452
  ObjectMapper: 20505058f54e5c3ca69e1d6de9897d152a5369a6
  RTRootNavigationController: 1429554f853e8319a383849befed73d5dc58a108
  SVProgressHUD: 1428aafac632c1f86f62aa4243ec12008d7a51d6
  UMCCommon: 19f09b4c67b6007837f70f321fe091e5814d49b1
  UMCPush: 6d67ff5ca853857e2690abbdaecb86b254b1f823
  UMCSecurityPlugins: 0831a08f3988f3cea9f1d3a7626cd9bee4fef150

PODFILE CHECKSUM: cd3d11767f91f55c9e2963406e555c1f2b7e9d3f

COCOAPODS: 1.4.0
